
Microsoft Visual Studio Solution File, Format Version 12.00
# Visual Studio Version 16
VisualStudioVersion = 16.0.31410.357
MinimumVisualStudioVersion = 10.0.40219.1
Project("{FAE04EC0-301F-11D3-BF4B-00C04F79EFBC}") = "ModernDesign", "ModernDesign\ModernDesign.csproj", "{B76A00DC-4C7C-492F-B9F7-D1A201A2B286}"
EndProject
Global
	GlobalSection(SolutionConfigurationPlatforms) = preSolution
		Debug|Any CPU = Debug|Any CPU
		Release|Any CPU = Release|Any CPU
	EndGlobalSection
	GlobalSection(ProjectConfigurationPlatforms) = postSolution
		{B76A00DC-4C7C-492F-B9F7-D1A201A2B286}.Debug|Any CPU.ActiveCfg = Debug|Any CPU
		{B76A00DC-4C7C-492F-B9F7-D1A201A2B286}.Debug|Any CPU.Build.0 = Debug|Any CPU
		{B76A00DC-4C7C-492F-B9F7-D1A201A2B286}.Release|Any CPU.ActiveCfg = Release|Any CPU
		{B76A00DC-4C7C-492F-B9F7-D1A201A2B286}.Release|Any CPU.Build.0 = Release|Any CPU
	EndGlobalSection
	GlobalSection(SolutionProperties) = preSolution
		HideSolutionNode = FALSE
	EndGlobalSection
	GlobalSection(ExtensibilityGlobals) = postSolution
		SolutionGuid = {455B7D95-7C61-4C49-A386-23D2A1BD03BA}
	EndGlobalSection
EndGlobal
